
Microsoft Visual Studio Solution File, Format Version 12.00
# Visual Studio Version 17
VisualStudioVersion = 17.3.32929.385
MinimumVisualStudioVersion = 10.0.40219.1
Project("{FAE04EC0-301F-11D3-BF4B-00C04F79EFBC}") = "CodingTracker", "CodingTracker\CodingTracker.csproj", "{81292211-6765-4A6D-B6A3-229578C32BB6}"
EndProject
Global
	GlobalSection(SolutionConfigurationPlatforms) = preSolution
		Debug|Any CPU = Debug|Any CPU
		Release|Any CPU = Release|Any CPU
	EndGlobalSection
	GlobalSection(ProjectConfigurationPlatforms) = postSolution
		{81292211-6765-4A6D-B6A3-229578C32BB6}.Debug|Any CPU.ActiveCfg = Debug|Any CPU
		{81292211-6765-4A6D-B6A3-229578C32BB6}.Debug|Any CPU.Build.0 = Debug|Any CPU
		{81292211-6765-4A6D-B6A3-229578C32BB6}.Release|Any CPU.ActiveCfg = Release|Any CPU
		{81292211-6765-4A6D-B6A3-229578C32BB6}.Release|Any CPU.Build.0 = Release|Any CPU
	EndGlobalSection
	GlobalSection(SolutionProperties) = preSolution
		HideSolutionNode = FALSE
	EndGlobalSection
	GlobalSection(ExtensibilityGlobals) = postSolution
		SolutionGuid = {0DC75B9E-7040-4598-8DD6-2995D84CC3BC}
	EndGlobalSection
EndGlobal
